# This file is automatically @generated by Cargo.
# It is not intended for manual editing.
version = 4

[[package]]
name = "clipdash-backend"
version = "0.0.1"
dependencies = [
 "clipdash-core",
]

[[package]]
name = "clipdash-cli"
version = "0.0.1"
dependencies = [
 "clipdash-daemon",
]

[[package]]
name = "clipdash-core"
version = "0.0.1"

[[package]]
name = "clipdash-daemon"
version = "0.0.1"
dependencies = [
 "clipdash-backend",
 "clipdash-core",
 "clipdash-store",
]

[[package]]
name = "clipdash-store"
version = "0.0.1"
dependencies = [
 "clipdash-core",
]

[[package]]
name = "clipdash-ui"
version = "0.0.1"
